
Microsoft Visual Studio Solution File, Format Version 12.00
# Visual Studio Version 17
VisualStudioVersion = 17.5.33516.290
MinimumVisualStudioVersion = 10.0.40219.1
Project("{FAE04EC0-301F-11D3-BF4B-00C04F79EFBC}") = "AppUa", "AppUa\AppUa.csproj", "{D8A75880-690E-42EE-9259-59371646B5B8}"
EndProject
Global
	GlobalSection(SolutionConfigurationPlatforms) = preSolution
		Debug|Any CPU = Debug|Any CPU
		Release|Any CPU = Release|Any CPU
	EndGlobalSection
	GlobalSection(ProjectConfigurationPlatforms) = postSolution
		{D8A75880-690E-42EE-9259-59371646B5B8}.Debug|Any CPU.ActiveCfg = Debug|Any CPU
		{D8A75880-690E-42EE-9259-59371646B5B8}.Debug|Any CPU.Build.0 = Debug|Any CPU
		{D8A75880-690E-42EE-9259-59371646B5B8}.Release|Any CPU.ActiveCfg = Release|Any CPU
		{D8A75880-690E-42EE-9259-59371646B5B8}.Release|Any CPU.Build.0 = Release|Any CPU
	EndGlobalSection
	GlobalSection(SolutionProperties) = preSolution
		HideSolutionNode = FALSE
	EndGlobalSection
	GlobalSection(ExtensibilityGlobals) = postSolution
		SolutionGuid = {6B338C14-002B-4B18-8FF1-364D18E0F7F8}
	EndGlobalSection
EndGlobal
